
Microsoft Visual Studio Solution File, Format Version 12.00
# Visual Studio Version 16
VisualStudioVersion = 16.0.30804.86
MinimumVisualStudioVersion = 10.0.40219.1
Project("{9A19103F-16F7-4668-BE54-9A1E7A4F7556}") = "MyChat.Server", "MyChat.Server\Mychat.Server.csproj", "{6B9321C9-3763-4992-B447-7EF7AD10DCBD}"
EndProject
Project("{9A19103F-16F7-4668-BE54-9A1E7A4F7556}") = "MyChat.Domain", "MyChat.Domain\MyChat.Domain.csproj", "{A33C71CD-AB6E-4839-90F9-4768BC562DB1}"
EndProject
Project("{9A19103F-16F7-4668-BE54-9A1E7A4F7556}") = "MyChat.Test", "MyChat.Test\MyChat.Test.csproj", "{E25F4973-DC02-433C-B385-A9A74451B3F3}"
EndProject
Global
	GlobalSection(SolutionConfigurationPlatforms) = preSolution
		Debug|Any CPU = Debug|Any CPU
		Release|Any CPU = Release|Any CPU
	EndGlobalSection
	GlobalSection(ProjectConfigurationPlatforms) = postSolution
		{6B9321C9-3763-4992-B447-7EF7AD10DCBD}.Debug|Any CPU.ActiveCfg = Debug|Any CPU
		{6B9321C9-3763-4992-B447-7EF7AD10DCBD}.Debug|Any CPU.Build.0 = Debug|Any CPU
		{6B9321C9-3763-4992-B447-7EF7AD10DCBD}.Release|Any CPU.ActiveCfg = Release|Any CPU
		{6B9321C9-3763-4992-B447-7EF7AD10DCBD}.Release|Any CPU.Build.0 = Release|Any CPU
		{A33C71CD-AB6E-4839-90F9-4768BC562DB1}.Debug|Any CPU.ActiveCfg = Debug|Any CPU
		{A33C71CD-AB6E-4839-90F9-4768BC562DB1}.Debug|Any CPU.Build.0 = Debug|Any CPU
		{A33C71CD-AB6E-4839-90F9-4768BC562DB1}.Release|Any CPU.ActiveCfg = Release|Any CPU
		{A33C71CD-AB6E-4839-90F9-4768BC562DB1}.Release|Any CPU.Build.0 = Release|Any CPU
		{E25F4973-DC02-433C-B385-A9A74451B3F3}.Debug|Any CPU.ActiveCfg = Debug|Any CPU
		{E25F4973-DC02-433C-B385-A9A74451B3F3}.Debug|Any CPU.Build.0 = Debug|Any CPU
		{E25F4973-DC02-433C-B385-A9A74451B3F3}.Release|Any CPU.ActiveCfg = Release|Any CPU
		{E25F4973-DC02-433C-B385-A9A74451B3F3}.Release|Any CPU.Build.0 = Release|Any CPU
	EndGlobalSection
	GlobalSection(SolutionProperties) = preSolution
		HideSolutionNode = FALSE
	EndGlobalSection
	GlobalSection(ExtensibilityGlobals) = postSolution
		SolutionGuid = {A8F23874-A9CF-4F3D-8F7B-078918021A4D}
	EndGlobalSection
EndGlobal
